
Microsoft Visual Studio Solution File, Format Version 12.00
# Visual Studio Version 17
VisualStudioVersion = 17.13.35931.197
MinimumVisualStudioVersion = 10.0.40219.1
Project("{2150E333-8FDC-42A3-9474-1A3956D46DE8}") = "Backend", "Backend", "{02EA681E-C7D8-13C7-8484-4AC65E1B71E8}"
	ProjectSection(SolutionItems) = preProject
		..\..\..\Users\Somad\Downloads\Virtual Architecture Diagram.png = ..\..\..\Users\Somad\Downloads\Virtual Architecture Diagram.png
	EndProjectSection
EndProject
Project("{2150E333-8FDC-42A3-9474-1A3956D46DE8}") = "User", "User", "{44C2E62A-D50E-4888-AE74-B448F8BA7436}"
EndProject
Project("{2150E333-8FDC-42A3-9474-1A3956D46DE8}") = "System", "System", "{AD06CD67-95BC-4325-B6E5-7EC124A2283B}"
EndProject
Project("{2150E333-8FDC-42A3-9474-1A3956D46DE8}") = "Client", "Client", "{FC79DB5D-70EE-416A-B7DA-185015B516B2}"
EndProject
Project("{2150E333-8FDC-42A3-9474-1A3956D46DE8}") = "Employee", "Employee", "{C0BA7998-5ACA-449B-9604-B532F752E669}"
EndProject
Project("{2150E333-8FDC-42A3-9474-1A3956D46DE8}") = "Product", "Product", "{AC2B735A-72B7-4BC2-9E51-A02B662ED054}"
EndProject
Project("{2150E333-8FDC-42A3-9474-1A3956D46DE8}") = "Branch", "Branch", "{E4FF0EFC-E8D4-4EB4-9DAE-E35718CAE92D}"
EndProject
Project("{2150E333-8FDC-42A3-9474-1A3956D46DE8}") = "Device", "Device", "{828CA218-D2C0-4206-9A3E-6449CB0D6B1C}"
EndProject
Project("{2150E333-8FDC-42A3-9474-1A3956D46DE8}") = "Session", "Session", "{930667D6-37B9-4403-BE8C-5093C4656306}"
EndProject
Project("{2150E333-8FDC-42A3-9474-1A3956D46DE8}") = "Revenue", "Revenue", "{3FA14CDD-9B81-4C1D-9FA0-772AEF154FDB}"
EndProject
Project("{2150E333-8FDC-42A3-9474-1A3956D46DE8}") = "Account", "Account", "{D8746C32-C76F-4965-872A-5DBF881F2EC8}"
EndProject
Project("{2150E333-8FDC-42A3-9474-1A3956D46DE8}") = "Loan", "Loan", "{16927BA4-9773-4D50-A339-0AAFDA0E9476}"
EndProject
Project("{2150E333-8FDC-42A3-9474-1A3956D46DE8}") = "POS", "POS", "{B9CC47E6-0021-49AB-9A0F-E8A70B8F301A}"
EndProject
Project("{2150E333-8FDC-42A3-9474-1A3956D46DE8}") = "Sundry", "Sundry", "{6EAD6AC4-53B2-4C4F-ACF1-17555A2D86C8}"
EndProject
Project("{2150E333-8FDC-42A3-9474-1A3956D46DE8}") = "Report", "Report", "{2D7193FE-D382-4C50-9C21-5AF94B038CB0}"
EndProject
Project("{2150E333-8FDC-42A3-9474-1A3956D46DE8}") = "Gateway", "Gateway", "{54D2D634-3CB0-4988-AA6E-EA775D15D4D4}"
EndProject
Project("{FAE04EC0-301F-11D3-BF4B-00C04F79EFBC}") = "MicroNet.ApiGateway", "Gateway\MicroNet.ApiGateway\MicroNet.ApiGateway.csproj", "{DC0DF351-4FFA-43A2-8CE4-5AD49F0D1708}"
EndProject
Project("{2150E333-8FDC-42A3-9474-1A3956D46DE8}") = "IdentityProvider", "IdentityProvider", "{A42878B1-0545-49BD-8A38-F40699316736}"
EndProject
Project("{FAE04EC0-301F-11D3-BF4B-00C04F79EFBC}") = "MicroNet.Identity", "IdentityProvider\MicroNet.Identity\MicroNet.Identity.csproj", "{3A155ACA-83EA-4A5D-A78B-C488FC721C03}"
EndProject
Project("{FAE04EC0-301F-11D3-BF4B-00C04F79EFBC}") = "MicroNet.Account.Api", "Backend\Account\MicroNet.Account.Api\MicroNet.Account.Api.csproj", "{0DFE522E-7795-4883-A0E7-0F33F8C79D1E}"
EndProject
Project("{FAE04EC0-301F-11D3-BF4B-00C04F79EFBC}") = "MicroNet.Branch.Api", "Backend\Branch\MicroNet.Branch.Api\MicroNet.Branch.Api.csproj", "{D84E6EA2-F7A7-4962-BCFE-4C616BBC9255}"
EndProject
Project("{FAE04EC0-301F-11D3-BF4B-00C04F79EFBC}") = "MicroNet.Client.Api", "Backend\Client\MicroNet.Client.Api\MicroNet.Client.Api.csproj", "{B2049C44-D113-4B1C-91A4-CDE24A7DC094}"
EndProject
Project("{FAE04EC0-301F-11D3-BF4B-00C04F79EFBC}") = "MicroNet.Device.Api", "Backend\Device\MicroNet.Device.Api\MicroNet.Device.Api.csproj", "{A1C7A576-D250-4C9A-9CDB-6BD6463741C8}"
EndProject
Project("{FAE04EC0-301F-11D3-BF4B-00C04F79EFBC}") = "MicroNet.Employee.Api", "Backend\Employee\MicroNet.Employee.Api\MicroNet.Employee.Api.csproj", "{620806A1-26B4-4E80-8595-F94CF8EC8A6B}"
EndProject
Project("{FAE04EC0-301F-11D3-BF4B-00C04F79EFBC}") = "MicroNet.Loan.Api", "Backend\Loan\MicroNet.Loan.Api\MicroNet.Loan.Api.csproj", "{5180E404-F282-4F8B-8061-D9CF705D2726}"
EndProject
Project("{FAE04EC0-301F-11D3-BF4B-00C04F79EFBC}") = "MicroNet.Pos.Api", "Backend\POS\MicroNet.Pos.Api\MicroNet.Pos.Api.csproj", "{A4355916-4277-49F9-8AD0-F74A4DA8ED9C}"
EndProject
Project("{FAE04EC0-301F-11D3-BF4B-00C04F79EFBC}") = "MicroNet.Product.Api", "Backend\Product\MicroNet.Product.Api\MicroNet.Product.Api.csproj", "{8429BE55-9199-42FC-BED3-7C674D6E5047}"
EndProject
Project("{FAE04EC0-301F-11D3-BF4B-00C04F79EFBC}") = "MicroNet.Revenue.Api", "Backend\Revenue\MicroNet.Revenue.Api\MicroNet.Revenue.Api.csproj", "{A515C624-6D57-47B5-A96D-58E990925822}"
EndProject
Project("{FAE04EC0-301F-11D3-BF4B-00C04F79EFBC}") = "MicroNet.Session.Api", "Backend\Session\MicroNet.Session.Api\MicroNet.Session.Api.csproj", "{6356D568-EE30-4B79-A4CB-022FDAC8148C}"
EndProject
Project("{FAE04EC0-301F-11D3-BF4B-00C04F79EFBC}") = "MicroNet.Sundry.Api", "Backend\Sundry\MicroNet.Sundry.Api\MicroNet.Sundry.Api.csproj", "{2AE81E0C-754A-4522-B7AF-AD85344A81EA}"
EndProject
Project("{FAE04EC0-301F-11D3-BF4B-00C04F79EFBC}") = "MicroNet.System.Api", "Backend\System\MicroNet.System.Api\MicroNet.System.Api.csproj", "{FD258FD3-BFA0-40B2-9CA2-31AA047C6FD8}"
EndProject
Project("{FAE04EC0-301F-11D3-BF4B-00C04F79EFBC}") = "MicroNet.User.Api", "Backend\User\MicroNet.User.Api\MicroNet.User.Api.csproj", "{EA7EB928-F6AE-43A2-85CA-04DD63029FEB}"
EndProject
Project("{FAE04EC0-301F-11D3-BF4B-00C04F79EFBC}") = "MicroNet.Report.Api", "Backend\Report\MicroNet.Report.Api\MicroNet.Report.Api.csproj", "{618F27F2-8C0B-46DC-B9EA-63AF59F16474}"
EndProject
Project("{2150E333-8FDC-42A3-9474-1A3956D46DE8}") = "Database", "Database", "{854DE809-0D70-4088-B9F8-7050941CC02B}"
EndProject
Project("{00D1A9C2-B5F0-4AF3-8072-F6C62B433612}") = "MicroNet.Sql", "Database\MicroNet.Sql\MicroNet.Sql.sqlproj", "{A11CBE4C-3DD8-4A53-82DB-08140BF42ED6}"
EndProject
Project("{FAE04EC0-301F-11D3-BF4B-00C04F79EFBC}") = "MicroNet.User.Application", "Backend\User\MicroNet.User.Application\MicroNet.User.Application.csproj", "{B013E642-2985-4E91-A3A2-32E0086B4E83}"
EndProject
Project("{FAE04EC0-301F-11D3-BF4B-00C04F79EFBC}") = "MicroNet.User.Core", "Backend\User\MicroNet.User.Core\MicroNet.User.Core.csproj", "{11626C7D-D5E6-4B14-A562-C5FA06DCC0AD}"
EndProject
Project("{FAE04EC0-301F-11D3-BF4B-00C04F79EFBC}") = "MicroNet.User.Infrastructure", "Backend\User\MicroNet.User.Infrastructure\MicroNet.User.Infrastructure.csproj", "{FECC78FE-2CE8-438F-B6C1-AEBABEDF672C}"
EndProject
Project("{2150E333-8FDC-42A3-9474-1A3956D46DE8}") = "Menu", "Menu", "{EE269114-34F8-43CE-88AB-D694D074D66E}"
EndProject
Project("{FAE04EC0-301F-11D3-BF4B-00C04F79EFBC}") = "MicroNet.Menu.Api", "Backend\Menu\MicroNet.Menu.Api\MicroNet.Menu.Api.csproj", "{F9F1765B-4931-4FB8-A750-6F39958FE4FA}"
EndProject
Project("{2150E333-8FDC-42A3-9474-1A3956D46DE8}") = "Shared", "Shared", "{91031CAE-19F9-4AB8-B3C8-FE327DB0018B}"
EndProject
Project("{FAE04EC0-301F-11D3-BF4B-00C04F79EFBC}") = "MicroNet.Shared", "Shared\MicroNet.Shared\MicroNet.Shared.csproj", "{A401AD13-E775-496F-9CFF-CD0B0E773B08}"
EndProject
Project("{FAE04EC0-301F-11D3-BF4B-00C04F79EFBC}") = "MicroNet.Device.Application", "Backend\Device\MicroNet.Device.Application\MicroNet.Device.Application.csproj", "{1944E368-A0B9-4B2F-8159-3B0344797136}"
EndProject
Project("{FAE04EC0-301F-11D3-BF4B-00C04F79EFBC}") = "MicroNet.Device.Core", "Backend\Device\MicroNet.Device.Core\MicroNet.Device.Core.csproj", "{BD11DA02-E0D2-45C2-B24A-0F3C97E55BB5}"
EndProject
Project("{FAE04EC0-301F-11D3-BF4B-00C04F79EFBC}") = "MicroNet.Device.Infrastructure", "Backend\Device\MicroNet.Device.Infrastructure\MicroNet.Device.Infrastructure.csproj", "{0AAD1BB9-AFC2-49BF-BCB7-CE1ED87E0835}"
EndProject
Project("{FAE04EC0-301F-11D3-BF4B-00C04F79EFBC}") = "MicroNet.System.Core", "Backend\System\MicroNet.System.Core\MicroNet.System.Core.csproj", "{3BB950A6-6C55-4F18-BE2D-2FC9747C7C32}"
EndProject
Project("{FAE04EC0-301F-11D3-BF4B-00C04F79EFBC}") = "MicroNet.System.Application", "Backend\System\MicroNet.System.Application\MicroNet.System.Application.csproj", "{4CAF959F-33D2-4DCF-8665-1C3A2CB0AF35}"
EndProject
Project("{FAE04EC0-301F-11D3-BF4B-00C04F79EFBC}") = "MicroNet.System.Infrastructure", "Backend\System\MicroNet.System.Infrastructure\MicroNet.System.Infrastructure.csproj", "{9E317805-52C8-4A3F-9799-0A42A5EAC766}"
EndProject
Project("{FAE04EC0-301F-11D3-BF4B-00C04F79EFBC}") = "MicroNet.Client.Application", "Backend\Client\MicroNet.Client.Application\MicroNet.Client.Application.csproj", "{F0DA743B-634C-49E9-9C3D-74E299A3DACF}"
EndProject
Project("{FAE04EC0-301F-11D3-BF4B-00C04F79EFBC}") = "MicroNet.Client.Core", "Backend\Client\MicroNet.Client.Core\MicroNet.Client.Core.csproj", "{F846C4B0-223E-40A3-969F-62750B28B1A2}"
EndProject
Project("{FAE04EC0-301F-11D3-BF4B-00C04F79EFBC}") = "MicroNet.Client.Infrastructure", "Backend\Client\MicroNet.Client.Infrastructure\MicroNet.Client.Infrastructure.csproj", "{DC394589-5342-498F-8C8C-BCB145A82061}"
EndProject
Project("{FAE04EC0-301F-11D3-BF4B-00C04F79EFBC}") = "MicroNet.Employee.Core", "Backend\Employee\MicroNet.Employee.Core\MicroNet.Employee.Core.csproj", "{4FEC7927-7686-47F3-B563-513594C4578B}"
EndProject
Project("{FAE04EC0-301F-11D3-BF4B-00C04F79EFBC}") = "MicroNet.Employee.Application", "Backend\Employee\MicroNet.Employee.Application\MicroNet.Employee.Application.csproj", "{B7870651-B11F-4317-8F11-C40F0EBCFDCE}"
EndProject
Project("{FAE04EC0-301F-11D3-BF4B-00C04F79EFBC}") = "MicroNet.Employee.Infrastructure", "Backend\Employee\MicroNet.Employee.Infrastructure\MicroNet.Employee.Infrastructure.csproj", "{2EDE7778-062A-4434-A74F-943EE4531DDB}"
EndProject
Project("{FAE04EC0-301F-11D3-BF4B-00C04F79EFBC}") = "MicroNet.Product.Application", "Backend\Product\MicroNet.Product.Application\MicroNet.Product.Application.csproj", "{5C4EE8A2-D5E9-465C-9AFE-947153B51922}"
EndProject
Project("{FAE04EC0-301F-11D3-BF4B-00C04F79EFBC}") = "MicroNet.Product.Core", "Backend\Product\MicroNet.Product.Core\MicroNet.Product.Core.csproj", "{59086970-A52D-41BF-96F8-44108DCAE24D}"
EndProject
Project("{FAE04EC0-301F-11D3-BF4B-00C04F79EFBC}") = "MicroNet.Product.Infrastructure", "Backend\Product\MicroNet.Product.Infrastructure\MicroNet.Product.Infrastructure.csproj", "{5DF386BD-4F20-4B7B-8F97-DE05D4223425}"
EndProject
Project("{FAE04EC0-301F-11D3-BF4B-00C04F79EFBC}") = "MicroNet.Revenue.Application", "Backend\Revenue\MicroNet.Revenue.Application\MicroNet.Revenue.Application.csproj", "{3A0D3074-E3B4-426E-B400-540E12574B62}"
EndProject
Project("{FAE04EC0-301F-11D3-BF4B-00C04F79EFBC}") = "MicroNet.Revenue.Core", "Backend\Revenue\MicroNet.Revenue.Core\MicroNet.Revenue.Core.csproj", "{2EF360A6-7C13-44A8-A1A6-FCBC4AF18397}"
EndProject
Project("{FAE04EC0-301F-11D3-BF4B-00C04F79EFBC}") = "MicroNet.Revenue.Infrastructure", "Backend\Revenue\MicroNet.Revenue.Infrastructure\MicroNet.Revenue.Infrastructure.csproj", "{DD8B7248-9FCB-41CD-9367-B95240D3C220}"
EndProject
Project("{FAE04EC0-301F-11D3-BF4B-00C04F79EFBC}") = "MicroNet.Account.Application", "Backend\Account\MicroNet.Account.Application\MicroNet.Account.Application.csproj", "{4F9C8EB6-0B81-4E1A-86D8-7E8611A745F7}"
EndProject
Project("{FAE04EC0-301F-11D3-BF4B-00C04F79EFBC}") = "MicroNet.Account.Core", "Backend\Account\MicroNet.Account.Core\MicroNet.Account.Core.csproj", "{E74ACA4A-F4CB-4826-83B2-1C44A9C61076}"
EndProject
Project("{FAE04EC0-301F-11D3-BF4B-00C04F79EFBC}") = "MicroNet.Account.Infrastructure", "Backend\Account\MicroNet.Account.Infrastructure\MicroNet.Account.Infrastructure.csproj", "{C2FCE76E-F453-4E4C-9ECE-D05B3702E72C}"
EndProject
Project("{FAE04EC0-301F-11D3-BF4B-00C04F79EFBC}") = "MicroNet.Loan.Core", "Backend\Loan\MicroNet.Loan.Core\MicroNet.Loan.Core.csproj", "{3258C785-10D8-43C3-9028-8C2FC71A4840}"
EndProject
Project("{FAE04EC0-301F-11D3-BF4B-00C04F79EFBC}") = "MicroNet.Loan.Application", "Backend\Loan\MicroNet.Loan.Application\MicroNet.Loan.Application.csproj", "{DE679BFF-E676-4B15-B18D-8F1853919A88}"
EndProject
Project("{FAE04EC0-301F-11D3-BF4B-00C04F79EFBC}") = "MicroNet.Loan.Infrastructure", "Backend\Loan\MicroNet.Loan.Infrastructure\MicroNet.Loan.Infrastructure.csproj", "{783CB6B0-CE68-4B09-8E57-9F02BE7DC0A9}"
EndProject
Project("{FAE04EC0-301F-11D3-BF4B-00C04F79EFBC}") = "MicroNet.Pos.Application", "Backend\POS\MicroNet.Pos.Application\MicroNet.Pos.Application.csproj", "{223AB90C-9010-423E-8B21-0B7199B6D6EB}"
EndProject
Project("{FAE04EC0-301F-11D3-BF4B-00C04F79EFBC}") = "MicroNet.Pos.Core", "Backend\POS\MicroNet.Pos.Core\MicroNet.Pos.Core.csproj", "{98E33DBA-7A2A-48A5-A0BF-CABF11DE88B4}"
EndProject
Project("{FAE04EC0-301F-11D3-BF4B-00C04F79EFBC}") = "MicroNet.Pos.Infrastructure", "Backend\POS\MicroNet.Pos.Infrastructure\MicroNet.Pos.Infrastructure.csproj", "{E91B52D3-94F6-4230-B2EF-9435C27FC087}"
EndProject
Project("{FAE04EC0-301F-11D3-BF4B-00C04F79EFBC}") = "MicroNet.Sundry.Application", "Backend\Sundry\MicroNet.Sundry.Application\MicroNet.Sundry.Application.csproj", "{E40CA910-2A81-4876-81EC-C2D34C71BE5E}"
EndProject
Project("{FAE04EC0-301F-11D3-BF4B-00C04F79EFBC}") = "MicroNet.Sundry.Core", "Backend\Sundry\MicroNet.Sundry.Core\MicroNet.Sundry.Core.csproj", "{54C216AC-9AAC-4881-B678-71E6321485C8}"
EndProject
Project("{FAE04EC0-301F-11D3-BF4B-00C04F79EFBC}") = "MicroNet.Sundry.Infrastructure", "Backend\Sundry\MicroNet.Sundry.Infrastructure\MicroNet.Sundry.Infrastructure.csproj", "{8C148F84-1D21-4CCB-B86C-6C5FACA5EB6A}"
EndProject
Project("{2150E333-8FDC-42A3-9474-1A3956D46DE8}") = "Certs", "Certs", "{DEF97B85-29A2-4FF7-A37A-BAB49412D5BD}"
	ProjectSection(SolutionItems) = preProject
		Certs\micronetdevcert.pfx = Certs\micronetdevcert.pfx
	EndProjectSection
EndProject
Project("{E53339B2-1760-4266-BCC7-CA923CBCF16C}") = "docker-compose", "docker-compose.dcproj", "{81DDED9D-158B-E303-5F62-77A2896D2A5A}"
EndProject
Global
	GlobalSection(SolutionConfigurationPlatforms) = preSolution
		Debug|Any CPU = Debug|Any CPU
		Release|Any CPU = Release|Any CPU
	EndGlobalSection
	GlobalSection(ProjectConfigurationPlatforms) = postSolution
		{DC0DF351-4FFA-43A2-8CE4-5AD49F0D1708}.Debug|Any CPU.ActiveCfg = Debug|Any CPU
		{DC0DF351-4FFA-43A2-8CE4-5AD49F0D1708}.Debug|Any CPU.Build.0 = Debug|Any CPU
		{DC0DF351-4FFA-43A2-8CE4-5AD49F0D1708}.Release|Any CPU.ActiveCfg = Release|Any CPU
		{DC0DF351-4FFA-43A2-8CE4-5AD49F0D1708}.Release|Any CPU.Build.0 = Release|Any CPU
		{3A155ACA-83EA-4A5D-A78B-C488FC721C03}.Debug|Any CPU.ActiveCfg = Debug|Any CPU
		{3A155ACA-83EA-4A5D-A78B-C488FC721C03}.Debug|Any CPU.Build.0 = Debug|Any CPU
		{3A155ACA-83EA-4A5D-A78B-C488FC721C03}.Release|Any CPU.ActiveCfg = Release|Any CPU
		{3A155ACA-83EA-4A5D-A78B-C488FC721C03}.Release|Any CPU.Build.0 = Release|Any CPU
		{0DFE522E-7795-4883-A0E7-0F33F8C79D1E}.Debug|Any CPU.ActiveCfg = Debug|Any CPU
		{0DFE522E-7795-4883-A0E7-0F33F8C79D1E}.Debug|Any CPU.Build.0 = Debug|Any CPU
		{0DFE522E-7795-4883-A0E7-0F33F8C79D1E}.Release|Any CPU.ActiveCfg = Release|Any CPU
		{0DFE522E-7795-4883-A0E7-0F33F8C79D1E}.Release|Any CPU.Build.0 = Release|Any CPU
		{D84E6EA2-F7A7-4962-BCFE-4C616BBC9255}.Debug|Any CPU.ActiveCfg = Debug|Any CPU
		{D84E6EA2-F7A7-4962-BCFE-4C616BBC9255}.Debug|Any CPU.Build.0 = Debug|Any CPU
		{D84E6EA2-F7A7-4962-BCFE-4C616BBC9255}.Release|Any CPU.ActiveCfg = Release|Any CPU
		{D84E6EA2-F7A7-4962-BCFE-4C616BBC9255}.Release|Any CPU.Build.0 = Release|Any CPU
		{B2049C44-D113-4B1C-91A4-CDE24A7DC094}.Debug|Any CPU.ActiveCfg = Debug|Any CPU
		{B2049C44-D113-4B1C-91A4-CDE24A7DC094}.Debug|Any CPU.Build.0 = Debug|Any CPU
		{B2049C44-D113-4B1C-91A4-CDE24A7DC094}.Release|Any CPU.ActiveCfg = Release|Any CPU
		{B2049C44-D113-4B1C-91A4-CDE24A7DC094}.Release|Any CPU.Build.0 = Release|Any CPU
		{A1C7A576-D250-4C9A-9CDB-6BD6463741C8}.Debug|Any CPU.ActiveCfg = Debug|Any CPU
		{A1C7A576-D250-4C9A-9CDB-6BD6463741C8}.Debug|Any CPU.Build.0 = Debug|Any CPU
		{A1C7A576-D250-4C9A-9CDB-6BD6463741C8}.Release|Any CPU.ActiveCfg = Release|Any CPU
		{A1C7A576-D250-4C9A-9CDB-6BD6463741C8}.Release|Any CPU.Build.0 = Release|Any CPU
		{620806A1-26B4-4E80-8595-F94CF8EC8A6B}.Debug|Any CPU.ActiveCfg = Debug|Any CPU
		{620806A1-26B4-4E80-8595-F94CF8EC8A6B}.Debug|Any CPU.Build.0 = Debug|Any CPU
		{620806A1-26B4-4E80-8595-F94CF8EC8A6B}.Release|Any CPU.ActiveCfg = Release|Any CPU
		{620806A1-26B4-4E80-8595-F94CF8EC8A6B}.Release|Any CPU.Build.0 = Release|Any CPU
		{5180E404-F282-4F8B-8061-D9CF705D2726}.Debug|Any CPU.ActiveCfg = Debug|Any CPU
		{5180E404-F282-4F8B-8061-D9CF705D2726}.Debug|Any CPU.Build.0 = Debug|Any CPU
		{5180E404-F282-4F8B-8061-D9CF705D2726}.Release|Any CPU.ActiveCfg = Release|Any CPU
		{5180E404-F282-4F8B-8061-D9CF705D2726}.Release|Any CPU.Build.0 = Release|Any CPU
		{A4355916-4277-49F9-8AD0-F74A4DA8ED9C}.Debug|Any CPU.ActiveCfg = Debug|Any CPU
		{A4355916-4277-49F9-8AD0-F74A4DA8ED9C}.Debug|Any CPU.Build.0 = Debug|Any CPU
		{A4355916-4277-49F9-8AD0-F74A4DA8ED9C}.Release|Any CPU.ActiveCfg = Release|Any CPU
		{A4355916-4277-49F9-8AD0-F74A4DA8ED9C}.Release|Any CPU.Build.0 = Release|Any CPU
		{8429BE55-9199-42FC-BED3-7C674D6E5047}.Debug|Any CPU.ActiveCfg = Debug|Any CPU
		{8429BE55-9199-42FC-BED3-7C674D6E5047}.Debug|Any CPU.Build.0 = Debug|Any CPU
		{8429BE55-9199-42FC-BED3-7C674D6E5047}.Release|Any CPU.ActiveCfg = Release|Any CPU
		{8429BE55-9199-42FC-BED3-7C674D6E5047}.Release|Any CPU.Build.0 = Release|Any CPU
		{A515C624-6D57-47B5-A96D-58E990925822}.Debug|Any CPU.ActiveCfg = Debug|Any CPU
		{A515C624-6D57-47B5-A96D-58E990925822}.Debug|Any CPU.Build.0 = Debug|Any CPU
		{A515C624-6D57-47B5-A96D-58E990925822}.Release|Any CPU.ActiveCfg = Release|Any CPU
		{A515C624-6D57-47B5-A96D-58E990925822}.Release|Any CPU.Build.0 = Release|Any CPU
		{6356D568-EE30-4B79-A4CB-022FDAC8148C}.Debug|Any CPU.ActiveCfg = Debug|Any CPU
		{6356D568-EE30-4B79-A4CB-022FDAC8148C}.Debug|Any CPU.Build.0 = Debug|Any CPU
		{6356D568-EE30-4B79-A4CB-022FDAC8148C}.Release|Any CPU.ActiveCfg = Release|Any CPU
		{6356D568-EE30-4B79-A4CB-022FDAC8148C}.Release|Any CPU.Build.0 = Release|Any CPU
		{2AE81E0C-754A-4522-B7AF-AD85344A81EA}.Debug|Any CPU.ActiveCfg = Debug|Any CPU
		{2AE81E0C-754A-4522-B7AF-AD85344A81EA}.Debug|Any CPU.Build.0 = Debug|Any CPU
		{2AE81E0C-754A-4522-B7AF-AD85344A81EA}.Release|Any CPU.ActiveCfg = Release|Any CPU
		{2AE81E0C-754A-4522-B7AF-AD85344A81EA}.Release|Any CPU.Build.0 = Release|Any CPU
		{FD258FD3-BFA0-40B2-9CA2-31AA047C6FD8}.Debug|Any CPU.ActiveCfg = Debug|Any CPU
		{FD258FD3-BFA0-40B2-9CA2-31AA047C6FD8}.Debug|Any CPU.Build.0 = Debug|Any CPU
		{FD258FD3-BFA0-40B2-9CA2-31AA047C6FD8}.Release|Any CPU.ActiveCfg = Release|Any CPU
		{FD258FD3-BFA0-40B2-9CA2-31AA047C6FD8}.Release|Any CPU.Build.0 = Release|Any CPU
		{EA7EB928-F6AE-43A2-85CA-04DD63029FEB}.Debug|Any CPU.ActiveCfg = Debug|Any CPU
		{EA7EB928-F6AE-43A2-85CA-04DD63029FEB}.Debug|Any CPU.Build.0 = Debug|Any CPU
		{EA7EB928-F6AE-43A2-85CA-04DD63029FEB}.Release|Any CPU.ActiveCfg = Release|Any CPU
		{EA7EB928-F6AE-43A2-85CA-04DD63029FEB}.Release|Any CPU.Build.0 = Release|Any CPU
		{618F27F2-8C0B-46DC-B9EA-63AF59F16474}.Debug|Any CPU.ActiveCfg = Debug|Any CPU
		{618F27F2-8C0B-46DC-B9EA-63AF59F16474}.Debug|Any CPU.Build.0 = Debug|Any CPU
		{618F27F2-8C0B-46DC-B9EA-63AF59F16474}.Release|Any CPU.ActiveCfg = Release|Any CPU
		{618F27F2-8C0B-46DC-B9EA-63AF59F16474}.Release|Any CPU.Build.0 = Release|Any CPU
		{A11CBE4C-3DD8-4A53-82DB-08140BF42ED6}.Debug|Any CPU.ActiveCfg = Debug|Any CPU
		{A11CBE4C-3DD8-4A53-82DB-08140BF42ED6}.Debug|Any CPU.Build.0 = Debug|Any CPU
		{A11CBE4C-3DD8-4A53-82DB-08140BF42ED6}.Debug|Any CPU.Deploy.0 = Debug|Any CPU
		{A11CBE4C-3DD8-4A53-82DB-08140BF42ED6}.Release|Any CPU.ActiveCfg = Release|Any CPU
		{A11CBE4C-3DD8-4A53-82DB-08140BF42ED6}.Release|Any CPU.Build.0 = Release|Any CPU
		{A11CBE4C-3DD8-4A53-82DB-08140BF42ED6}.Release|Any CPU.Deploy.0 = Release|Any CPU
		{B013E642-2985-4E91-A3A2-32E0086B4E83}.Debug|Any CPU.ActiveCfg = Debug|Any CPU
		{B013E642-2985-4E91-A3A2-32E0086B4E83}.Debug|Any CPU.Build.0 = Debug|Any CPU
		{B013E642-2985-4E91-A3A2-32E0086B4E83}.Release|Any CPU.ActiveCfg = Release|Any CPU
		{B013E642-2985-4E91-A3A2-32E0086B4E83}.Release|Any CPU.Build.0 = Release|Any CPU
		{11626C7D-D5E6-4B14-A562-C5FA06DCC0AD}.Debug|Any CPU.ActiveCfg = Debug|Any CPU
		{11626C7D-D5E6-4B14-A562-C5FA06DCC0AD}.Debug|Any CPU.Build.0 = Debug|Any CPU
		{11626C7D-D5E6-4B14-A562-C5FA06DCC0AD}.Release|Any CPU.ActiveCfg = Release|Any CPU
		{11626C7D-D5E6-4B14-A562-C5FA06DCC0AD}.Release|Any CPU.Build.0 = Release|Any CPU
		{FECC78FE-2CE8-438F-B6C1-AEBABEDF672C}.Debug|Any CPU.ActiveCfg = Debug|Any CPU
		{FECC78FE-2CE8-438F-B6C1-AEBABEDF672C}.Debug|Any CPU.Build.0 = Debug|Any CPU
		{FECC78FE-2CE8-438F-B6C1-AEBABEDF672C}.Release|Any CPU.ActiveCfg = Release|Any CPU
		{FECC78FE-2CE8-438F-B6C1-AEBABEDF672C}.Release|Any CPU.Build.0 = Release|Any CPU
		{F9F1765B-4931-4FB8-A750-6F39958FE4FA}.Debug|Any CPU.ActiveCfg = Debug|Any CPU
		{F9F1765B-4931-4FB8-A750-6F39958FE4FA}.Debug|Any CPU.Build.0 = Debug|Any CPU
		{F9F1765B-4931-4FB8-A750-6F39958FE4FA}.Release|Any CPU.ActiveCfg = Release|Any CPU
		{F9F1765B-4931-4FB8-A750-6F39958FE4FA}.Release|Any CPU.Build.0 = Release|Any CPU
		{A401AD13-E775-496F-9CFF-CD0B0E773B08}.Debug|Any CPU.ActiveCfg = Debug|Any CPU
		{A401AD13-E775-496F-9CFF-CD0B0E773B08}.Debug|Any CPU.Build.0 = Debug|Any CPU
		{A401AD13-E775-496F-9CFF-CD0B0E773B08}.Release|Any CPU.ActiveCfg = Release|Any CPU
		{A401AD13-E775-496F-9CFF-CD0B0E773B08}.Release|Any CPU.Build.0 = Release|Any CPU
		{1944E368-A0B9-4B2F-8159-3B0344797136}.Debug|Any CPU.ActiveCfg = Debug|Any CPU
		{1944E368-A0B9-4B2F-8159-3B0344797136}.Debug|Any CPU.Build.0 = Debug|Any CPU
		{1944E368-A0B9-4B2F-8159-3B0344797136}.Release|Any CPU.ActiveCfg = Release|Any CPU
		{1944E368-A0B9-4B2F-8159-3B0344797136}.Release|Any CPU.Build.0 = Release|Any CPU
		{BD11DA02-E0D2-45C2-B24A-0F3C97E55BB5}.Debug|Any CPU.ActiveCfg = Debug|Any CPU
		{BD11DA02-E0D2-45C2-B24A-0F3C97E55BB5}.Debug|Any CPU.Build.0 = Debug|Any CPU
		{BD11DA02-E0D2-45C2-B24A-0F3C97E55BB5}.Release|Any CPU.ActiveCfg = Release|Any CPU
		{BD11DA02-E0D2-45C2-B24A-0F3C97E55BB5}.Release|Any CPU.Build.0 = Release|Any CPU
		{0AAD1BB9-AFC2-49BF-BCB7-CE1ED87E0835}.Debug|Any CPU.ActiveCfg = Debug|Any CPU
		{0AAD1BB9-AFC2-49BF-BCB7-CE1ED87E0835}.Debug|Any CPU.Build.0 = Debug|Any CPU
		{0AAD1BB9-AFC2-49BF-BCB7-CE1ED87E0835}.Release|Any CPU.ActiveCfg = Release|Any CPU
		{0AAD1BB9-AFC2-49BF-BCB7-CE1ED87E0835}.Release|Any CPU.Build.0 = Release|Any CPU
		{3BB950A6-6C55-4F18-BE2D-2FC9747C7C32}.Debug|Any CPU.ActiveCfg = Debug|Any CPU
		{3BB950A6-6C55-4F18-BE2D-2FC9747C7C32}.Debug|Any CPU.Build.0 = Debug|Any CPU
		{3BB950A6-6C55-4F18-BE2D-2FC9747C7C32}.Release|Any CPU.ActiveCfg = Release|Any CPU
		{3BB950A6-6C55-4F18-BE2D-2FC9747C7C32}.Release|Any CPU.Build.0 = Release|Any CPU
		{4CAF959F-33D2-4DCF-8665-1C3A2CB0AF35}.Debug|Any CPU.ActiveCfg = Debug|Any CPU
		{4CAF959F-33D2-4DCF-8665-1C3A2CB0AF35}.Debug|Any CPU.Build.0 = Debug|Any CPU
		{4CAF959F-33D2-4DCF-8665-1C3A2CB0AF35}.Release|Any CPU.ActiveCfg = Release|Any CPU
		{4CAF959F-33D2-4DCF-8665-1C3A2CB0AF35}.Release|Any CPU.Build.0 = Release|Any CPU
		{9E317805-52C8-4A3F-9799-0A42A5EAC766}.Debug|Any CPU.ActiveCfg = Debug|Any CPU
		{9E317805-52C8-4A3F-9799-0A42A5EAC766}.Debug|Any CPU.Build.0 = Debug|Any CPU
		{9E317805-52C8-4A3F-9799-0A42A5EAC766}.Release|Any CPU.ActiveCfg = Release|Any CPU
		{9E317805-52C8-4A3F-9799-0A42A5EAC766}.Release|Any CPU.Build.0 = Release|Any CPU
		{F0DA743B-634C-49E9-9C3D-74E299A3DACF}.Debug|Any CPU.ActiveCfg = Debug|Any CPU
		{F0DA743B-634C-49E9-9C3D-74E299A3DACF}.Debug|Any CPU.Build.0 = Debug|Any CPU
		{F0DA743B-634C-49E9-9C3D-74E299A3DACF}.Release|Any CPU.ActiveCfg = Release|Any CPU
		{F0DA743B-634C-49E9-9C3D-74E299A3DACF}.Release|Any CPU.Build.0 = Release|Any CPU
		{F846C4B0-223E-40A3-969F-62750B28B1A2}.Debug|Any CPU.ActiveCfg = Debug|Any CPU
		{F846C4B0-223E-40A3-969F-62750B28B1A2}.Debug|Any CPU.Build.0 = Debug|Any CPU
		{F846C4B0-223E-40A3-969F-62750B28B1A2}.Release|Any CPU.ActiveCfg = Release|Any CPU
		{F846C4B0-223E-40A3-969F-62750B28B1A2}.Release|Any CPU.Build.0 = Release|Any CPU
		{DC394589-5342-498F-8C8C-BCB145A82061}.Debug|Any CPU.ActiveCfg = Debug|Any CPU
		{DC394589-5342-498F-8C8C-BCB145A82061}.Debug|Any CPU.Build.0 = Debug|Any CPU
		{DC394589-5342-498F-8C8C-BCB145A82061}.Release|Any CPU.ActiveCfg = Release|Any CPU
		{DC394589-5342-498F-8C8C-BCB145A82061}.Release|Any CPU.Build.0 = Release|Any CPU
		{4FEC7927-7686-47F3-B563-513594C4578B}.Debug|Any CPU.ActiveCfg = Debug|Any CPU
		{4FEC7927-7686-47F3-B563-513594C4578B}.Debug|Any CPU.Build.0 = Debug|Any CPU
		{4FEC7927-7686-47F3-B563-513594C4578B}.Release|Any CPU.ActiveCfg = Release|Any CPU
		{4FEC7927-7686-47F3-B563-513594C4578B}.Release|Any CPU.Build.0 = Release|Any CPU
		{B7870651-B11F-4317-8F11-C40F0EBCFDCE}.Debug|Any CPU.ActiveCfg = Debug|Any CPU
		{B7870651-B11F-4317-8F11-C40F0EBCFDCE}.Debug|Any CPU.Build.0 = Debug|Any CPU
		{B7870651-B11F-4317-8F11-C40F0EBCFDCE}.Release|Any CPU.ActiveCfg = Release|Any CPU
		{B7870651-B11F-4317-8F11-C40F0EBCFDCE}.Release|Any CPU.Build.0 = Release|Any CPU
		{2EDE7778-062A-4434-A74F-943EE4531DDB}.Debug|Any CPU.ActiveCfg = Debug|Any CPU
		{2EDE7778-062A-4434-A74F-943EE4531DDB}.Debug|Any CPU.Build.0 = Debug|Any CPU
		{2EDE7778-062A-4434-A74F-943EE4531DDB}.Release|Any CPU.ActiveCfg = Release|Any CPU
		{2EDE7778-062A-4434-A74F-943EE4531DDB}.Release|Any CPU.Build.0 = Release|Any CPU
		{5C4EE8A2-D5E9-465C-9AFE-947153B51922}.Debug|Any CPU.ActiveCfg = Debug|Any CPU
		{5C4EE8A2-D5E9-465C-9AFE-947153B51922}.Debug|Any CPU.Build.0 = Debug|Any CPU
		{5C4EE8A2-D5E9-465C-9AFE-947153B51922}.Release|Any CPU.ActiveCfg = Release|Any CPU
		{5C4EE8A2-D5E9-465C-9AFE-947153B51922}.Release|Any CPU.Build.0 = Release|Any CPU
		{59086970-A52D-41BF-96F8-44108DCAE24D}.Debug|Any CPU.ActiveCfg = Debug|Any CPU
		{59086970-A52D-41BF-96F8-44108DCAE24D}.Debug|Any CPU.Build.0 = Debug|Any CPU
		{59086970-A52D-41BF-96F8-44108DCAE24D}.Release|Any CPU.ActiveCfg = Release|Any CPU
		{59086970-A52D-41BF-96F8-44108DCAE24D}.Release|Any CPU.Build.0 = Release|Any CPU
		{5DF386BD-4F20-4B7B-8F97-DE05D4223425}.Debug|Any CPU.ActiveCfg = Debug|Any CPU
		{5DF386BD-4F20-4B7B-8F97-DE05D4223425}.Debug|Any CPU.Build.0 = Debug|Any CPU
		{5DF386BD-4F20-4B7B-8F97-DE05D4223425}.Release|Any CPU.ActiveCfg = Release|Any CPU
		{5DF386BD-4F20-4B7B-8F97-DE05D4223425}.Release|Any CPU.Build.0 = Release|Any CPU
		{3A0D3074-E3B4-426E-B400-540E12574B62}.Debug|Any CPU.ActiveCfg = Debug|Any CPU
		{3A0D3074-E3B4-426E-B400-540E12574B62}.Debug|Any CPU.Build.0 = Debug|Any CPU
		{3A0D3074-E3B4-426E-B400-540E12574B62}.Release|Any CPU.ActiveCfg = Release|Any CPU
		{3A0D3074-E3B4-426E-B400-540E12574B62}.Release|Any CPU.Build.0 = Release|Any CPU
		{2EF360A6-7C13-44A8-A1A6-FCBC4AF18397}.Debug|Any CPU.ActiveCfg = Debug|Any CPU
		{2EF360A6-7C13-44A8-A1A6-FCBC4AF18397}.Debug|Any CPU.Build.0 = Debug|Any CPU
		{2EF360A6-7C13-44A8-A1A6-FCBC4AF18397}.Release|Any CPU.ActiveCfg = Release|Any CPU
		{2EF360A6-7C13-44A8-A1A6-FCBC4AF18397}.Release|Any CPU.Build.0 = Release|Any CPU
		{DD8B7248-9FCB-41CD-9367-B95240D3C220}.Debug|Any CPU.ActiveCfg = Debug|Any CPU
		{DD8B7248-9FCB-41CD-9367-B95240D3C220}.Debug|Any CPU.Build.0 = Debug|Any CPU
		{DD8B7248-9FCB-41CD-9367-B95240D3C220}.Release|Any CPU.ActiveCfg = Release|Any CPU
		{DD8B7248-9FCB-41CD-9367-B95240D3C220}.Release|Any CPU.Build.0 = Release|Any CPU
		{4F9C8EB6-0B81-4E1A-86D8-7E8611A745F7}.Debug|Any CPU.ActiveCfg = Debug|Any CPU
		{4F9C8EB6-0B81-4E1A-86D8-7E8611A745F7}.Debug|Any CPU.Build.0 = Debug|Any CPU
		{4F9C8EB6-0B81-4E1A-86D8-7E8611A745F7}.Release|Any CPU.ActiveCfg = Release|Any CPU
		{4F9C8EB6-0B81-4E1A-86D8-7E8611A745F7}.Release|Any CPU.Build.0 = Release|Any CPU
		{E74ACA4A-F4CB-4826-83B2-1C44A9C61076}.Debug|Any CPU.ActiveCfg = Debug|Any CPU
		{E74ACA4A-F4CB-4826-83B2-1C44A9C61076}.Debug|Any CPU.Build.0 = Debug|Any CPU
		{E74ACA4A-F4CB-4826-83B2-1C44A9C61076}.Release|Any CPU.ActiveCfg = Release|Any CPU
		{E74ACA4A-F4CB-4826-83B2-1C44A9C61076}.Release|Any CPU.Build.0 = Release|Any CPU
		{C2FCE76E-F453-4E4C-9ECE-D05B3702E72C}.Debug|Any CPU.ActiveCfg = Debug|Any CPU
		{C2FCE76E-F453-4E4C-9ECE-D05B3702E72C}.Debug|Any CPU.Build.0 = Debug|Any CPU
		{C2FCE76E-F453-4E4C-9ECE-D05B3702E72C}.Release|Any CPU.ActiveCfg = Release|Any CPU
		{C2FCE76E-F453-4E4C-9ECE-D05B3702E72C}.Release|Any CPU.Build.0 = Release|Any CPU
		{3258C785-10D8-43C3-9028-8C2FC71A4840}.Debug|Any CPU.ActiveCfg = Debug|Any CPU
		{3258C785-10D8-43C3-9028-8C2FC71A4840}.Debug|Any CPU.Build.0 = Debug|Any CPU
		{3258C785-10D8-43C3-9028-8C2FC71A4840}.Release|Any CPU.ActiveCfg = Release|Any CPU
		{3258C785-10D8-43C3-9028-8C2FC71A4840}.Release|Any CPU.Build.0 = Release|Any CPU
		{DE679BFF-E676-4B15-B18D-8F1853919A88}.Debug|Any CPU.ActiveCfg = Debug|Any CPU
		{DE679BFF-E676-4B15-B18D-8F1853919A88}.Debug|Any CPU.Build.0 = Debug|Any CPU
		{DE679BFF-E676-4B15-B18D-8F1853919A88}.Release|Any CPU.ActiveCfg = Release|Any CPU
		{DE679BFF-E676-4B15-B18D-8F1853919A88}.Release|Any CPU.Build.0 = Release|Any CPU
		{783CB6B0-CE68-4B09-8E57-9F02BE7DC0A9}.Debug|Any CPU.ActiveCfg = Debug|Any CPU
		{783CB6B0-CE68-4B09-8E57-9F02BE7DC0A9}.Debug|Any CPU.Build.0 = Debug|Any CPU
		{783CB6B0-CE68-4B09-8E57-9F02BE7DC0A9}.Release|Any CPU.ActiveCfg = Release|Any CPU
		{783CB6B0-CE68-4B09-8E57-9F02BE7DC0A9}.Release|Any CPU.Build.0 = Release|Any CPU
		{223AB90C-9010-423E-8B21-0B7199B6D6EB}.Debug|Any CPU.ActiveCfg = Debug|Any CPU
		{223AB90C-9010-423E-8B21-0B7199B6D6EB}.Debug|Any CPU.Build.0 = Debug|Any CPU
		{223AB90C-9010-423E-8B21-0B7199B6D6EB}.Release|Any CPU.ActiveCfg = Release|Any CPU
		{223AB90C-9010-423E-8B21-0B7199B6D6EB}.Release|Any CPU.Build.0 = Release|Any CPU
		{98E33DBA-7A2A-48A5-A0BF-CABF11DE88B4}.Debug|Any CPU.ActiveCfg = Debug|Any CPU
		{98E33DBA-7A2A-48A5-A0BF-CABF11DE88B4}.Debug|Any CPU.Build.0 = Debug|Any CPU
		{98E33DBA-7A2A-48A5-A0BF-CABF11DE88B4}.Release|Any CPU.ActiveCfg = Release|Any CPU
		{98E33DBA-7A2A-48A5-A0BF-CABF11DE88B4}.Release|Any CPU.Build.0 = Release|Any CPU
		{E91B52D3-94F6-4230-B2EF-9435C27FC087}.Debug|Any CPU.ActiveCfg = Debug|Any CPU
		{E91B52D3-94F6-4230-B2EF-9435C27FC087}.Debug|Any CPU.Build.0 = Debug|Any CPU
		{E91B52D3-94F6-4230-B2EF-9435C27FC087}.Release|Any CPU.ActiveCfg = Release|Any CPU
		{E91B52D3-94F6-4230-B2EF-9435C27FC087}.Release|Any CPU.Build.0 = Release|Any CPU
		{E40CA910-2A81-4876-81EC-C2D34C71BE5E}.Debug|Any CPU.ActiveCfg = Debug|Any CPU
		{E40CA910-2A81-4876-81EC-C2D34C71BE5E}.Debug|Any CPU.Build.0 = Debug|Any CPU
		{E40CA910-2A81-4876-81EC-C2D34C71BE5E}.Release|Any CPU.ActiveCfg = Release|Any CPU
		{E40CA910-2A81-4876-81EC-C2D34C71BE5E}.Release|Any CPU.Build.0 = Release|Any CPU
		{54C216AC-9AAC-4881-B678-71E6321485C8}.Debug|Any CPU.ActiveCfg = Debug|Any CPU
		{54C216AC-9AAC-4881-B678-71E6321485C8}.Debug|Any CPU.Build.0 = Debug|Any CPU
		{54C216AC-9AAC-4881-B678-71E6321485C8}.Release|Any CPU.ActiveCfg = Release|Any CPU
		{54C216AC-9AAC-4881-B678-71E6321485C8}.Release|Any CPU.Build.0 = Release|Any CPU
		{8C148F84-1D21-4CCB-B86C-6C5FACA5EB6A}.Debug|Any CPU.ActiveCfg = Debug|Any CPU
		{8C148F84-1D21-4CCB-B86C-6C5FACA5EB6A}.Debug|Any CPU.Build.0 = Debug|Any CPU
		{8C148F84-1D21-4CCB-B86C-6C5FACA5EB6A}.Release|Any CPU.ActiveCfg = Release|Any CPU
		{8C148F84-1D21-4CCB-B86C-6C5FACA5EB6A}.Release|Any CPU.Build.0 = Release|Any CPU
		{81DDED9D-158B-E303-5F62-77A2896D2A5A}.Debug|Any CPU.ActiveCfg = Debug|Any CPU
		{81DDED9D-158B-E303-5F62-77A2896D2A5A}.Debug|Any CPU.Build.0 = Debug|Any CPU
		{81DDED9D-158B-E303-5F62-77A2896D2A5A}.Release|Any CPU.ActiveCfg = Release|Any CPU
		{81DDED9D-158B-E303-5F62-77A2896D2A5A}.Release|Any CPU.Build.0 = Release|Any CPU
	EndGlobalSection
	GlobalSection(SolutionProperties) = preSolution
		HideSolutionNode = FALSE
	EndGlobalSection
	GlobalSection(NestedProjects) = preSolution
		{44C2E62A-D50E-4888-AE74-B448F8BA7436} = {02EA681E-C7D8-13C7-8484-4AC65E1B71E8}
		{AD06CD67-95BC-4325-B6E5-7EC124A2283B} = {02EA681E-C7D8-13C7-8484-4AC65E1B71E8}
		{FC79DB5D-70EE-416A-B7DA-185015B516B2} = {02EA681E-C7D8-13C7-8484-4AC65E1B71E8}
		{C0BA7998-5ACA-449B-9604-B532F752E669} = {02EA681E-C7D8-13C7-8484-4AC65E1B71E8}
		{AC2B735A-72B7-4BC2-9E51-A02B662ED054} = {02EA681E-C7D8-13C7-8484-4AC65E1B71E8}
		{E4FF0EFC-E8D4-4EB4-9DAE-E35718CAE92D} = {02EA681E-C7D8-13C7-8484-4AC65E1B71E8}
		{828CA218-D2C0-4206-9A3E-6449CB0D6B1C} = {02EA681E-C7D8-13C7-8484-4AC65E1B71E8}
		{930667D6-37B9-4403-BE8C-5093C4656306} = {02EA681E-C7D8-13C7-8484-4AC65E1B71E8}
		{3FA14CDD-9B81-4C1D-9FA0-772AEF154FDB} = {02EA681E-C7D8-13C7-8484-4AC65E1B71E8}
		{D8746C32-C76F-4965-872A-5DBF881F2EC8} = {02EA681E-C7D8-13C7-8484-4AC65E1B71E8}
		{16927BA4-9773-4D50-A339-0AAFDA0E9476} = {02EA681E-C7D8-13C7-8484-4AC65E1B71E8}
		{B9CC47E6-0021-49AB-9A0F-E8A70B8F301A} = {02EA681E-C7D8-13C7-8484-4AC65E1B71E8}
		{6EAD6AC4-53B2-4C4F-ACF1-17555A2D86C8} = {02EA681E-C7D8-13C7-8484-4AC65E1B71E8}
		{2D7193FE-D382-4C50-9C21-5AF94B038CB0} = {02EA681E-C7D8-13C7-8484-4AC65E1B71E8}
		{DC0DF351-4FFA-43A2-8CE4-5AD49F0D1708} = {54D2D634-3CB0-4988-AA6E-EA775D15D4D4}
		{3A155ACA-83EA-4A5D-A78B-C488FC721C03} = {A42878B1-0545-49BD-8A38-F40699316736}
		{0DFE522E-7795-4883-A0E7-0F33F8C79D1E} = {D8746C32-C76F-4965-872A-5DBF881F2EC8}
		{D84E6EA2-F7A7-4962-BCFE-4C616BBC9255} = {E4FF0EFC-E8D4-4EB4-9DAE-E35718CAE92D}
		{B2049C44-D113-4B1C-91A4-CDE24A7DC094} = {FC79DB5D-70EE-416A-B7DA-185015B516B2}
		{A1C7A576-D250-4C9A-9CDB-6BD6463741C8} = {828CA218-D2C0-4206-9A3E-6449CB0D6B1C}
		{620806A1-26B4-4E80-8595-F94CF8EC8A6B} = {C0BA7998-5ACA-449B-9604-B532F752E669}
		{5180E404-F282-4F8B-8061-D9CF705D2726} = {16927BA4-9773-4D50-A339-0AAFDA0E9476}
		{A4355916-4277-49F9-8AD0-F74A4DA8ED9C} = {B9CC47E6-0021-49AB-9A0F-E8A70B8F301A}
		{8429BE55-9199-42FC-BED3-7C674D6E5047} = {AC2B735A-72B7-4BC2-9E51-A02B662ED054}
		{A515C624-6D57-47B5-A96D-58E990925822} = {3FA14CDD-9B81-4C1D-9FA0-772AEF154FDB}
		{6356D568-EE30-4B79-A4CB-022FDAC8148C} = {930667D6-37B9-4403-BE8C-5093C4656306}
		{2AE81E0C-754A-4522-B7AF-AD85344A81EA} = {6EAD6AC4-53B2-4C4F-ACF1-17555A2D86C8}
		{FD258FD3-BFA0-40B2-9CA2-31AA047C6FD8} = {AD06CD67-95BC-4325-B6E5-7EC124A2283B}
		{EA7EB928-F6AE-43A2-85CA-04DD63029FEB} = {44C2E62A-D50E-4888-AE74-B448F8BA7436}
		{618F27F2-8C0B-46DC-B9EA-63AF59F16474} = {2D7193FE-D382-4C50-9C21-5AF94B038CB0}
		{A11CBE4C-3DD8-4A53-82DB-08140BF42ED6} = {854DE809-0D70-4088-B9F8-7050941CC02B}
		{B013E642-2985-4E91-A3A2-32E0086B4E83} = {44C2E62A-D50E-4888-AE74-B448F8BA7436}
		{11626C7D-D5E6-4B14-A562-C5FA06DCC0AD} = {44C2E62A-D50E-4888-AE74-B448F8BA7436}
		{FECC78FE-2CE8-438F-B6C1-AEBABEDF672C} = {44C2E62A-D50E-4888-AE74-B448F8BA7436}
		{EE269114-34F8-43CE-88AB-D694D074D66E} = {02EA681E-C7D8-13C7-8484-4AC65E1B71E8}
		{F9F1765B-4931-4FB8-A750-6F39958FE4FA} = {EE269114-34F8-43CE-88AB-D694D074D66E}
		{A401AD13-E775-496F-9CFF-CD0B0E773B08} = {91031CAE-19F9-4AB8-B3C8-FE327DB0018B}
		{1944E368-A0B9-4B2F-8159-3B0344797136} = {828CA218-D2C0-4206-9A3E-6449CB0D6B1C}
		{BD11DA02-E0D2-45C2-B24A-0F3C97E55BB5} = {828CA218-D2C0-4206-9A3E-6449CB0D6B1C}
		{0AAD1BB9-AFC2-49BF-BCB7-CE1ED87E0835} = {828CA218-D2C0-4206-9A3E-6449CB0D6B1C}
		{3BB950A6-6C55-4F18-BE2D-2FC9747C7C32} = {AD06CD67-95BC-4325-B6E5-7EC124A2283B}
		{4CAF959F-33D2-4DCF-8665-1C3A2CB0AF35} = {AD06CD67-95BC-4325-B6E5-7EC124A2283B}
		{9E317805-52C8-4A3F-9799-0A42A5EAC766} = {AD06CD67-95BC-4325-B6E5-7EC124A2283B}
		{F0DA743B-634C-49E9-9C3D-74E299A3DACF} = {FC79DB5D-70EE-416A-B7DA-185015B516B2}
		{F846C4B0-223E-40A3-969F-62750B28B1A2} = {FC79DB5D-70EE-416A-B7DA-185015B516B2}
		{DC394589-5342-498F-8C8C-BCB145A82061} = {FC79DB5D-70EE-416A-B7DA-185015B516B2}
		{4FEC7927-7686-47F3-B563-513594C4578B} = {C0BA7998-5ACA-449B-9604-B532F752E669}
		{B7870651-B11F-4317-8F11-C40F0EBCFDCE} = {C0BA7998-5ACA-449B-9604-B532F752E669}
		{2EDE7778-062A-4434-A74F-943EE4531DDB} = {C0BA7998-5ACA-449B-9604-B532F752E669}
		{5C4EE8A2-D5E9-465C-9AFE-947153B51922} = {AC2B735A-72B7-4BC2-9E51-A02B662ED054}
		{59086970-A52D-41BF-96F8-44108DCAE24D} = {AC2B735A-72B7-4BC2-9E51-A02B662ED054}
		{5DF386BD-4F20-4B7B-8F97-DE05D4223425} = {AC2B735A-72B7-4BC2-9E51-A02B662ED054}
		{3A0D3074-E3B4-426E-B400-540E12574B62} = {3FA14CDD-9B81-4C1D-9FA0-772AEF154FDB}
		{2EF360A6-7C13-44A8-A1A6-FCBC4AF18397} = {3FA14CDD-9B81-4C1D-9FA0-772AEF154FDB}
		{DD8B7248-9FCB-41CD-9367-B95240D3C220} = {3FA14CDD-9B81-4C1D-9FA0-772AEF154FDB}
		{4F9C8EB6-0B81-4E1A-86D8-7E8611A745F7} = {D8746C32-C76F-4965-872A-5DBF881F2EC8}
		{E74ACA4A-F4CB-4826-83B2-1C44A9C61076} = {D8746C32-C76F-4965-872A-5DBF881F2EC8}
		{C2FCE76E-F453-4E4C-9ECE-D05B3702E72C} = {D8746C32-C76F-4965-872A-5DBF881F2EC8}
		{3258C785-10D8-43C3-9028-8C2FC71A4840} = {16927BA4-9773-4D50-A339-0AAFDA0E9476}
		{DE679BFF-E676-4B15-B18D-8F1853919A88} = {16927BA4-9773-4D50-A339-0AAFDA0E9476}
		{783CB6B0-CE68-4B09-8E57-9F02BE7DC0A9} = {16927BA4-9773-4D50-A339-0AAFDA0E9476}
		{223AB90C-9010-423E-8B21-0B7199B6D6EB} = {B9CC47E6-0021-49AB-9A0F-E8A70B8F301A}
		{98E33DBA-7A2A-48A5-A0BF-CABF11DE88B4} = {B9CC47E6-0021-49AB-9A0F-E8A70B8F301A}
		{E91B52D3-94F6-4230-B2EF-9435C27FC087} = {B9CC47E6-0021-49AB-9A0F-E8A70B8F301A}
		{E40CA910-2A81-4876-81EC-C2D34C71BE5E} = {6EAD6AC4-53B2-4C4F-ACF1-17555A2D86C8}
		{54C216AC-9AAC-4881-B678-71E6321485C8} = {6EAD6AC4-53B2-4C4F-ACF1-17555A2D86C8}
		{8C148F84-1D21-4CCB-B86C-6C5FACA5EB6A} = {6EAD6AC4-53B2-4C4F-ACF1-17555A2D86C8}
	EndGlobalSection
	GlobalSection(ExtensibilityGlobals) = postSolution
		SolutionGuid = {F19C35C0-D162-4505-AC23-880CE6544B7D}
	EndGlobalSection
EndGlobal
